PODS:
  - Realm (4.4.1):
    - Realm/Headers (= 4.4.1)
  - Realm/Headers (4.4.1)
  - RealmSwift (4.4.1):
    - Realm (= 4.4.1)
  - RxCocoa (5.1.1):
    - RxRelay (~> 5)
    - RxSwift (~> 5)
  - RxRelay (5.1.1):
    - RxSwift (~> 5)
  - RxSwift (5.1.1)
  - Swinject (2.7.1)

DEPENDENCIES:
  - RealmSwift
  - RxCocoa
  - RxSwift
  - Swinject

SPEC REPOS:
  trunk:
    - Realm
    - RealmSwift
    - RxCocoa
    - RxRelay
    - RxSwift
    - Swinject

SPEC CHECKSUMS:
  Realm: 4eb04d7487bd43c0581256f40b424eafb711deff
  RealmSwift: 3eb8924ff7100df5928c7602f71d0fec51e7c9c5
  RxCocoa: 32065309a38d29b5b0db858819b5bf9ef038b601
  RxRelay: d77f7d771495f43c556cbc43eebd1bb54d01e8e9
  RxSwift: 81470a2074fa8780320ea5fe4102807cb7118178
  Swinject: ddf78b8486dd9b71a667b852cad919ab4484478e

PODFILE CHECKSUM: 8066848e931fc8cbb184e508a3f7567b63f77544

COCOAPODS: 1.9.1
